
Microsoft Visual Studio Solution File, Format Version 12.00
# Visual Studio Version 17
VisualStudioVersion = 17.9.34723.18
MinimumVisualStudioVersion = 10.0.40219.1
Project("{9A19103F-16F7-4668-BE54-9A1E7A4F7556}") = "VendasMedicamentos", "VendasMedicamentos\VendasMedicamentos.csproj", "{01A97714-9748-47CF-8594-583697FDC00A}"
EndProject
Project("{FAE04EC0-301F-11D3-BF4B-00C04F79EFBC}") = "Api.Tests", "Api.Tests\Api.Tests.csproj", "{F02AFE58-7C31-41C2-92BF-F94F27CF6FDF}"
EndProject
Global
	GlobalSection(SolutionConfigurationPlatforms) = preSolution
		Debug|Any CPU = Debug|Any CPU
		Release|Any CPU = Release|Any CPU
	EndGlobalSection
	GlobalSection(ProjectConfigurationPlatforms) = postSolution
		{01A97714-9748-47CF-8594-583697FDC00A}.Debug|Any CPU.ActiveCfg = Debug|Any CPU
		{01A97714-9748-47CF-8594-583697FDC00A}.Debug|Any CPU.Build.0 = Debug|Any CPU
		{01A97714-9748-47CF-8594-583697FDC00A}.Release|Any CPU.ActiveCfg = Release|Any CPU
		{01A97714-9748-47CF-8594-583697FDC00A}.Release|Any CPU.Build.0 = Release|Any CPU
		{F02AFE58-7C31-41C2-92BF-F94F27CF6FDF}.Debug|Any CPU.ActiveCfg = Debug|Any CPU
		{F02AFE58-7C31-41C2-92BF-F94F27CF6FDF}.Debug|Any CPU.Build.0 = Debug|Any CPU
		{F02AFE58-7C31-41C2-92BF-F94F27CF6FDF}.Release|Any CPU.ActiveCfg = Release|Any CPU
		{F02AFE58-7C31-41C2-92BF-F94F27CF6FDF}.Release|Any CPU.Build.0 = Release|Any CPU
	EndGlobalSection
	GlobalSection(SolutionProperties) = preSolution
		HideSolutionNode = FALSE
	EndGlobalSection
	GlobalSection(ExtensibilityGlobals) = postSolution
		SolutionGuid = {D2D378B8-F308-434A-A83D-F5777A8EC4B0}
	EndGlobalSection
EndGlobal
